
Microsoft Visual Studio Solution File, Format Version 12.00
# Visual Studio Version 17
VisualStudioVersion = 17.2.32519.379
MinimumVisualStudioVersion = 10.0.40219.1
Project("{2150E333-8FDC-42A3-9474-1A3956D46DE8}") = "src", "src", "{EC89C03E-880C-4324-A421-B7D0DA71CEFC}"
EndProject
Project("{2150E333-8FDC-42A3-9474-1A3956D46DE8}") = "tests", "tests", "{98A602DC-0F37-42CF-AF27-BB71FD2B6C9C}"
EndProject
Project("{2150E333-8FDC-42A3-9474-1A3956D46DE8}") = "1 - Presentation", "1 - Presentation", "{D16D7742-82AA-4217-BBAF-BA077EB6E9EC}"
EndProject
Project("{2150E333-8FDC-42A3-9474-1A3956D46DE8}") = "2 - Core", "2 - Core", "{9EBFF759-7AAC-4D45-9C48-F18AA735A0B9}"
EndProject
Project("{2150E333-8FDC-42A3-9474-1A3956D46DE8}") = "3 - Infrastructure", "3 - Infrastructure", "{7F082BEF-DB14-46ED-9714-67BFC14C6E39}"
EndProject
Project("{9A19103F-16F7-4668-BE54-9A1E7A4F7556}") = "Lion.Core.Domain", "src\Lion.Core.Domain\Lion.Core.Domain.csproj", "{48549F5E-31A0-4EA1-80AE-18CBE2D7606B}"
EndProject
Project("{9A19103F-16F7-4668-BE54-9A1E7A4F7556}") = "Lion.Core.Application", "src\Lion.Core.Application\Lion.Core.Application.csproj", "{7D6B659B-CE82-4EDA-BA6A-D922B8EEEDA3}"
EndProject
Project("{9A19103F-16F7-4668-BE54-9A1E7A4F7556}") = "Lion.Infrastructure", "src\Lion.Infrastructure\Lion.Infrastructure.csproj", "{6CB7CA5D-BACA-4E24-925C-E138B5B069AF}"
EndProject
Project("{9A19103F-16F7-4668-BE54-9A1E7A4F7556}") = "Lion.API", "src\Lion.API\Lion.API.csproj", "{29E25D78-44AA-4731-A8E9-3E68F48045B1}"
EndProject
Project("{E53339B2-1760-4266-BCC7-CA923CBCF16C}") = "docker-compose", "src\Lion.DockerCompose\docker-compose.dcproj", "{996AEC42-072A-47DB-9161-6702FCA0499B}"
EndProject
Project("{2150E333-8FDC-42A3-9474-1A3956D46DE8}") = "items", "items", "{C7F383EF-67E5-44E3-9F74-C1D9609EE4DC}"
EndProject
Project("{2150E333-8FDC-42A3-9474-1A3956D46DE8}") = "1 - UnitTests", "1 - UnitTests", "{4CA81DE7-3895-4811-BDB3-96D12836C2F4}"
EndProject
Project("{FAE04EC0-301F-11D3-BF4B-00C04F79EFBC}") = "Lion.UnitTests", "tests\Lion.UnitTests\Lion.UnitTests.csproj", "{83C12E92-33C8-4F86-AA81-86846B47225B}"
EndProject
Project("{2150E333-8FDC-42A3-9474-1A3956D46DE8}") = "2 - FunctionalTests", "2 - FunctionalTests", "{F1BE595F-CB07-42AB-A82D-6F66EF4318E5}"
EndProject
Project("{FAE04EC0-301F-11D3-BF4B-00C04F79EFBC}") = "Lion.FunctionalTests", "tests\Lion.FunctionalTests\Lion.FunctionalTests.csproj", "{E05D9463-3440-4CEC-881A-18AD0137AB51}"
EndProject
Global
	GlobalSection(SolutionConfigurationPlatforms) = preSolution
		Debug|Any CPU = Debug|Any CPU
		Release|Any CPU = Release|Any CPU
	EndGlobalSection
	GlobalSection(ProjectConfigurationPlatforms) = postSolution
		{48549F5E-31A0-4EA1-80AE-18CBE2D7606B}.Debug|Any CPU.ActiveCfg = Debug|Any CPU
		{48549F5E-31A0-4EA1-80AE-18CBE2D7606B}.Debug|Any CPU.Build.0 = Debug|Any CPU
		{48549F5E-31A0-4EA1-80AE-18CBE2D7606B}.Release|Any CPU.ActiveCfg = Release|Any CPU
		{48549F5E-31A0-4EA1-80AE-18CBE2D7606B}.Release|Any CPU.Build.0 = Release|Any CPU
		{7D6B659B-CE82-4EDA-BA6A-D922B8EEEDA3}.Debug|Any CPU.ActiveCfg = Debug|Any CPU
		{7D6B659B-CE82-4EDA-BA6A-D922B8EEEDA3}.Debug|Any CPU.Build.0 = Debug|Any CPU
		{7D6B659B-CE82-4EDA-BA6A-D922B8EEEDA3}.Release|Any CPU.ActiveCfg = Release|Any CPU
		{7D6B659B-CE82-4EDA-BA6A-D922B8EEEDA3}.Release|Any CPU.Build.0 = Release|Any CPU
		{6CB7CA5D-BACA-4E24-925C-E138B5B069AF}.Debug|Any CPU.ActiveCfg = Debug|Any CPU
		{6CB7CA5D-BACA-4E24-925C-E138B5B069AF}.Debug|Any CPU.Build.0 = Debug|Any CPU
		{6CB7CA5D-BACA-4E24-925C-E138B5B069AF}.Release|Any CPU.ActiveCfg = Release|Any CPU
		{6CB7CA5D-BACA-4E24-925C-E138B5B069AF}.Release|Any CPU.Build.0 = Release|Any CPU
		{29E25D78-44AA-4731-A8E9-3E68F48045B1}.Debug|Any CPU.ActiveCfg = Debug|Any CPU
		{29E25D78-44AA-4731-A8E9-3E68F48045B1}.Debug|Any CPU.Build.0 = Debug|Any CPU
		{29E25D78-44AA-4731-A8E9-3E68F48045B1}.Release|Any CPU.ActiveCfg = Release|Any CPU
		{29E25D78-44AA-4731-A8E9-3E68F48045B1}.Release|Any CPU.Build.0 = Release|Any CPU
		{996AEC42-072A-47DB-9161-6702FCA0499B}.Debug|Any CPU.ActiveCfg = Debug|Any CPU
		{996AEC42-072A-47DB-9161-6702FCA0499B}.Debug|Any CPU.Build.0 = Debug|Any CPU
		{996AEC42-072A-47DB-9161-6702FCA0499B}.Release|Any CPU.ActiveCfg = Release|Any CPU
		{996AEC42-072A-47DB-9161-6702FCA0499B}.Release|Any CPU.Build.0 = Release|Any CPU
		{83C12E92-33C8-4F86-AA81-86846B47225B}.Debug|Any CPU.ActiveCfg = Debug|Any CPU
		{83C12E92-33C8-4F86-AA81-86846B47225B}.Debug|Any CPU.Build.0 = Debug|Any CPU
		{83C12E92-33C8-4F86-AA81-86846B47225B}.Release|Any CPU.ActiveCfg = Release|Any CPU
		{83C12E92-33C8-4F86-AA81-86846B47225B}.Release|Any CPU.Build.0 = Release|Any CPU
		{E05D9463-3440-4CEC-881A-18AD0137AB51}.Debug|Any CPU.ActiveCfg = Debug|Any CPU
		{E05D9463-3440-4CEC-881A-18AD0137AB51}.Debug|Any CPU.Build.0 = Debug|Any CPU
		{E05D9463-3440-4CEC-881A-18AD0137AB51}.Release|Any CPU.ActiveCfg = Release|Any CPU
		{E05D9463-3440-4CEC-881A-18AD0137AB51}.Release|Any CPU.Build.0 = Release|Any CPU
	EndGlobalSection
	GlobalSection(SolutionProperties) = preSolution
		HideSolutionNode = FALSE
	EndGlobalSection
	GlobalSection(NestedProjects) = preSolution
		{D16D7742-82AA-4217-BBAF-BA077EB6E9EC} = {EC89C03E-880C-4324-A421-B7D0DA71CEFC}
		{9EBFF759-7AAC-4D45-9C48-F18AA735A0B9} = {EC89C03E-880C-4324-A421-B7D0DA71CEFC}
		{7F082BEF-DB14-46ED-9714-67BFC14C6E39} = {EC89C03E-880C-4324-A421-B7D0DA71CEFC}
		{48549F5E-31A0-4EA1-80AE-18CBE2D7606B} = {9EBFF759-7AAC-4D45-9C48-F18AA735A0B9}
		{7D6B659B-CE82-4EDA-BA6A-D922B8EEEDA3} = {9EBFF759-7AAC-4D45-9C48-F18AA735A0B9}
		{6CB7CA5D-BACA-4E24-925C-E138B5B069AF} = {7F082BEF-DB14-46ED-9714-67BFC14C6E39}
		{29E25D78-44AA-4731-A8E9-3E68F48045B1} = {D16D7742-82AA-4217-BBAF-BA077EB6E9EC}
		{996AEC42-072A-47DB-9161-6702FCA0499B} = {C7F383EF-67E5-44E3-9F74-C1D9609EE4DC}
		{4CA81DE7-3895-4811-BDB3-96D12836C2F4} = {98A602DC-0F37-42CF-AF27-BB71FD2B6C9C}
		{83C12E92-33C8-4F86-AA81-86846B47225B} = {4CA81DE7-3895-4811-BDB3-96D12836C2F4}
		{F1BE595F-CB07-42AB-A82D-6F66EF4318E5} = {98A602DC-0F37-42CF-AF27-BB71FD2B6C9C}
		{E05D9463-3440-4CEC-881A-18AD0137AB51} = {F1BE595F-CB07-42AB-A82D-6F66EF4318E5}
	EndGlobalSection
	GlobalSection(ExtensibilityGlobals) = postSolution
		SolutionGuid = {FEB0E8C6-E317-4245-807A-ABEA819F4E4F}
	EndGlobalSection
EndGlobal
